
Microsoft Visual Studio Solution File, Format Version 12.00
# Visual Studio Version 16
VisualStudioVersion = 16.0.29613.14
MinimumVisualStudioVersion = 10.0.40219.1
Project("{9A19103F-16F7-4668-BE54-9A1E7A4F7556}") = "MessagingApp", "MessagingApp.csproj", "{A6FFB21E-BE66-4CF2-A27A-8FB374CC85B7}"
EndProject
Project("{FAE04EC0-301F-11D3-BF4B-00C04F79EFBC}") = "DataAccessLibrary", "..\DataAccessLibrary\DataAccessLibrary.csproj", "{A5256487-61AA-411F-B740-4A6C8C034449}"
EndProject
Global
	GlobalSection(SolutionConfigurationPlatforms) = preSolution
		Debug|Any CPU = Debug|Any CPU
		Release|Any CPU = Release|Any CPU
	EndGlobalSection
	GlobalSection(ProjectConfigurationPlatforms) = postSolution
		{A6FFB21E-BE66-4CF2-A27A-8FB374CC85B7}.Debug|Any CPU.ActiveCfg = Debug|Any CPU
		{A6FFB21E-BE66-4CF2-A27A-8FB374CC85B7}.Debug|Any CPU.Build.0 = Debug|Any CPU
		{A6FFB21E-BE66-4CF2-A27A-8FB374CC85B7}.Release|Any CPU.ActiveCfg = Release|Any CPU
		{A6FFB21E-BE66-4CF2-A27A-8FB374CC85B7}.Release|Any CPU.Build.0 = Release|Any CPU
		{A5256487-61AA-411F-B740-4A6C8C034449}.Debug|Any CPU.ActiveCfg = Debug|Any CPU
		{A5256487-61AA-411F-B740-4A6C8C034449}.Debug|Any CPU.Build.0 = Debug|Any CPU
		{A5256487-61AA-411F-B740-4A6C8C034449}.Release|Any CPU.ActiveCfg = Release|Any CPU
		{A5256487-61AA-411F-B740-4A6C8C034449}.Release|Any CPU.Build.0 = Release|Any CPU
	EndGlobalSection
	GlobalSection(SolutionProperties) = preSolution
		HideSolutionNode = FALSE
	EndGlobalSection
	GlobalSection(ExtensibilityGlobals) = postSolution
		SolutionGuid = {FFF203DC-F73B-4F39-834B-93963297C16F}
	EndGlobalSection
EndGlobal
